schema: '2.0'
stages:
  get-features:
    cmd: python3 scripts/data_processing/features.py
    deps:
    - path: data/raw/test.csv
      hash: md5
      md5: 1a3d08fb959a6d1c76767e7c184882c0
      size: 53422
    - path: data/raw/train.csv
      hash: md5
      md5: 14ece5b375c75ee149d262018640ff6b
      size: 229201
    - path: scripts/data_processing/features.py
      hash: md5
      md5: aab0f2c53b04c34d5297b3af755afc2a
      size: 3332
    outs:
    - path: data/features
      hash: md5
      md5: 5cf5dea4348e19075d67c05a061bfb38.dir
      size: 330088
      nfiles: 2
  prepared:
    cmd: python3 scripts/data_processing/prepared.py
    deps:
    - path: data/features/test.csv
      hash: md5
      md5: e2468dec735a91056b61941cc7db4b77
      size: 65988
    - path: data/features/train.csv
      hash: md5
      md5: b1b827b708a03878e9ea2dd9689a872a
      size: 264100
    - path: scripts/data_processing/prepared.py
      hash: md5
      md5: 2098b09bc14e6ad6865d3b1881aa3181
      size: 1506
    outs:
    - path: data/prepared
      hash: md5
      md5: 002fa909444b1101b6881a668bcc7f1e.dir
      size: 389660
      nfiles: 2
