schema: '2.0'
stages:
  get-features:
    cmd: python3 scripts/data_processing/features.py
    deps:
    - path: data/raw/test.csv
      hash: md5
      md5: 1a3d08fb959a6d1c76767e7c184882c0
      size: 53422
    - path: data/raw/train.csv
      hash: md5
      md5: 14ece5b375c75ee149d262018640ff6b
      size: 229201
    - path: scripts/data_processing/features.py
      hash: md5
      md5: 8d3c4d932dd846e7abacd4aaea37dfe5
      size: 3363
    outs:
    - path: data/features
      hash: md5
      md5: 5953b6ec0f28ac3a6c463b5fe7a5799a.dir
      size: 325020
      nfiles: 2
  prepared:
    cmd: python3 scripts/data_processing/prepared.py
    deps:
    - path: data/features/test.csv
      hash: md5
      md5: e2468dec735a91056b61941cc7db4b77
      size: 65988
    - path: data/features/train.csv
      hash: md5
      md5: 9d545e6cecd6279f4701ac89108b6a39
      size: 259032
    - path: scripts/data_processing/prepared.py
      hash: md5
      md5: a4e9adcf2e3968c4710bff1b64ac4a88
      size: 1455
    outs:
    - path: data/prepared
      hash: md5
      md5: fb0d7b1f6a2dcee31faa9e3c9b92c5f3.dir
      size: 370978
      nfiles: 2
  model-training:
    cmd: python3 scripts/model_scripts/model_training.py
    deps:
    - path: data/prepared/test.csv
      hash: md5
      md5: f0eb3bd6fbfcb86a3c7ac27b0cbdcdb2
      size: 69562
    - path: data/prepared/train.csv
      hash: md5
      md5: defab92f96b0741c957fd89643614119
      size: 301416
    - path: scripts/model_scripts/model_training.py
      hash: md5
      md5: 73ae09f5efb6f148a0fb71637579426e
      size: 717
    params:
      params.yaml:
        estimator.n_estimators: 200
    outs:
    - path: models/model.pkl
      hash: md5
      md5: 704a05cce4bb32e391541aee9824f403
      size: 640878
  evaluate:
    cmd: python3 scripts/model_scripts/evaluate.py
    deps:
    - path: data/prepared/test.csv
      hash: md5
      md5: f0eb3bd6fbfcb86a3c7ac27b0cbdcdb2
      size: 69562
    - path: models/model.pkl
      hash: md5
      md5: 704a05cce4bb32e391541aee9824f403
      size: 640878
    - path: scripts/model_scripts/evaluate.py
      hash: md5
      md5: 7d7fd65e385524c070d25b15293480e6
      size: 467
    outs:
    - path: evaluate/score.json
      hash: md5
      md5: bc84d11f68a38c5294aae0103e3023c8
      size: 29
